<?xml version="1.0" encoding="utf-8"?>
<Project ToolsVersion="4.0" xmlns="http://schemas.microsoft.com/developer/msbuild/2003">
  <ItemGroup>
    <Filter Include="Header Files">
      <UniqueIdentifier>{93995380-89BD-4b04-88EB-625FBE52EBFB}</UniqueIdentifier>
      <Extensions>h;hpp;hxx;hm;inl;inc;xsd</Extensions>
    </Filter>
    <Filter Include="Resource Files">
      <UniqueIdentifier>{67DA6AB6-F800-4c08-8B7A-83BB121AAD01}</UniqueIdentifier>
      <Extensions>rc;ico;cur;bmp;dlg;rc2;rct;bin;rgs;gif;jpg;jpeg;jpe;resx;tiff;tif;png;wav;mfcribbon-ms</Extensions>
    </Filter>
    <Filter Include="Shader Files">
      <UniqueIdentifier>{1af510f6-5cc2-40d1-adad-b7f6c0b1c2e4}</UniqueIdentifier>
    </Filter>
    <Filter Include="Source Files">
      <UniqueIdentifier>{d7edf544-1ff8-4b70-864f-1ee72dd1224f}</UniqueIdentifier>
    </Filter>
    <Filter Include="Source Files\SOIL">
      <UniqueIdentifier>{66029ce1-913b-4b25-9bb3-e5de40fe7724}</UniqueIdentifier>
    </Filter>
    <Filter Include="img">
      <UniqueIdentifier>{9c718f69-a910-4e82-8a85-3ee1b202144e}</UniqueIdentifier>
    </Filter>
  </ItemGroup>
  <ItemGroup>
    <None Include="S41W072.hgt" />
    <None Include="shaders\edges_shader.frag">
      <Filter>Shader Files</Filter>
    </None>
    <None Include="shaders\edges_shader.vert">
      <Filter>Shader Files</Filter>
    </None>
  </ItemGroup>
  <ItemGroup>
    <ClCompile Include="src\Camera.cpp">
      <Filter>Source Files</Filter>
    </ClCompile>
    <ClCompile Include="src\main.cpp">
      <Filter>Source Files</Filter>
    </ClCompile>
    <ClCompile Include="src\Positions.cpp">
      <Filter>Source Files</Filter>
    </ClCompile>
    <ClCompile Include="src\Render_Utils.cpp">
      <Filter>Source Files</Filter>
    </ClCompile>
    <ClCompile Include="src\Shader_Loader.cpp">
      <Filter>Source Files</Filter>
    </ClCompile>
    <ClCompile Include="src\Texture.cpp">
      <Filter>Source Files</Filter>
    </ClCompile>
    <ClCompile Include="src\SOIL\image_DXT.c">
      <Filter>Source Files\SOIL</Filter>
    </ClCompile>
    <ClCompile Include="src\SOIL\image_helper.c">
      <Filter>Source Files\SOIL</Filter>
    </ClCompile>
    <ClCompile Include="src\SOIL\SOIL.c">
      <Filter>Source Files\SOIL</Filter>
    </ClCompile>
    <ClCompile Include="src\SOIL\stb_image_aug.c">
      <Filter>Source Files\SOIL</Filter>
    </ClCompile>
  </ItemGroup>
  <ItemGroup>
    <ClInclude Include="src\Camera.h">
      <Filter>Source Files</Filter>
    </ClInclude>
    <ClInclude Include="src\objload.h">
      <Filter>Source Files</Filter>
    </ClInclude>
    <ClInclude Include="src\project.hpp">
      <Filter>Source Files</Filter>
    </ClInclude>
    <ClInclude Include="src\Render_Utils.h">
      <Filter>Source Files</Filter>
    </ClInclude>
    <ClInclude Include="src\Shader_Loader.h">
      <Filter>Source Files</Filter>
    </ClInclude>
    <ClInclude Include="src\Texture.h">
      <Filter>Source Files</Filter>
    </ClInclude>
    <ClInclude Include="src\SOIL\image_DXT.h">
      <Filter>Source Files\SOIL</Filter>
    </ClInclude>
    <ClInclude Include="src\SOIL\image_helper.h">
      <Filter>Source Files\SOIL</Filter>
    </ClInclude>
    <ClInclude Include="src\SOIL\SOIL.h">
      <Filter>Source Files\SOIL</Filter>
    </ClInclude>
    <ClInclude Include="src\SOIL\stb_image_aug.h">
      <Filter>Source Files\SOIL</Filter>
    </ClInclude>
    <ClInclude Include="src\SOIL\stbi_DDS_aug.h">
      <Filter>Source Files\SOIL</Filter>
    </ClInclude>
    <ClInclude Include="src\SOIL\stbi_DDS_aug_c.h">
      <Filter>Source Files\SOIL</Filter>
    </ClInclude>
    <ClInclude Include="src\stb_image.h">
      <Filter>Header Files</Filter>
    </ClInclude>
  </ItemGroup>
  <ItemGroup>
    <Image Include="img\mapafinal2.png">
      <Filter>img</Filter>
    </Image>
  </ItemGroup>
</Project>